
Microsoft Visual Studio Solution File, Format Version 12.00
# Visual Studio Version 16
VisualStudioVersion = 16.0.30114.105
MinimumVisualStudioVersion = 10.0.40219.1
Project("{FAE04EC0-301F-11D3-BF4B-00C04F79EFBC}") = "ProcessamentoNotas.Solucao.Console", "src\ProcessamentoNotas.Solucao.Console.csproj", "{621F4D19-D5C3-4538-9874-1C56EE772221}"
EndProject
Project("{FAE04EC0-301F-11D3-BF4B-00C04F79EFBC}") = "ProcessamentoNotas.Solucao.Test", "test\ProcessamentoNotas.Solucao.Test.csproj", "{C3244D60-A783-4D0E-93A0-6F232D23DB4F}"
EndProject
Global
	GlobalSection(SolutionConfigurationPlatforms) = preSolution
		Debug|Any CPU = Debug|Any CPU
		Release|Any CPU = Release|Any CPU
	EndGlobalSection
	GlobalSection(SolutionProperties) = preSolution
		HideSolutionNode = FALSE
	EndGlobalSection
	GlobalSection(ProjectConfigurationPlatforms) = postSolution
		{621F4D19-D5C3-4538-9874-1C56EE772221}.Debug|Any CPU.ActiveCfg = Debug|Any CPU
		{621F4D19-D5C3-4538-9874-1C56EE772221}.Debug|Any CPU.Build.0 = Debug|Any CPU
		{621F4D19-D5C3-4538-9874-1C56EE772221}.Release|Any CPU.ActiveCfg = Release|Any CPU
		{621F4D19-D5C3-4538-9874-1C56EE772221}.Release|Any CPU.Build.0 = Release|Any CPU
		{C3244D60-A783-4D0E-93A0-6F232D23DB4F}.Debug|Any CPU.ActiveCfg = Debug|Any CPU
		{C3244D60-A783-4D0E-93A0-6F232D23DB4F}.Debug|Any CPU.Build.0 = Debug|Any CPU
		{C3244D60-A783-4D0E-93A0-6F232D23DB4F}.Release|Any CPU.ActiveCfg = Release|Any CPU
		{C3244D60-A783-4D0E-93A0-6F232D23DB4F}.Release|Any CPU.Build.0 = Release|Any CPU
	EndGlobalSection
EndGlobal
